
Microsoft Visual Studio Solution File, Format Version 12.00
# Visual Studio Version 16
VisualStudioVersion = 16.0.31410.357
MinimumVisualStudioVersion = 10.0.40219.1
Project("{FAE04EC0-301F-11D3-BF4B-00C04F79EFBC}") = "A01-PrimeiroProjeto", "A01-PrimeiroProjeto\A01-PrimeiroProjeto.csproj", "{E63201A2-8D2C-4C9E-9B71-A7A911657C54}"
EndProject
Project("{FAE04EC0-301F-11D3-BF4B-00C04F79EFBC}") = "A02-CriandoVariaveis", "A02-CriandoVariaveis\A02-CriandoVariaveis.csproj", "{0149396B-932F-4368-8FD9-9232256EECA1}"
EndProject
Project("{FAE04EC0-301F-11D3-BF4B-00C04F79EFBC}") = "A03-VariaveisDeTexto", "A03-VariaveisDeTexto\A03-VariaveisDeTexto.csproj", "{FA519F6B-8829-417C-83B0-FF92ED67599F}"
EndProject
Global
	GlobalSection(SolutionConfigurationPlatforms) = preSolution
		Debug|Any CPU = Debug|Any CPU
		Release|Any CPU = Release|Any CPU
	EndGlobalSection
	GlobalSection(ProjectConfigurationPlatforms) = postSolution
		{E63201A2-8D2C-4C9E-9B71-A7A911657C54}.Debug|Any CPU.ActiveCfg = Debug|Any CPU
		{E63201A2-8D2C-4C9E-9B71-A7A911657C54}.Debug|Any CPU.Build.0 = Debug|Any CPU
		{E63201A2-8D2C-4C9E-9B71-A7A911657C54}.Release|Any CPU.ActiveCfg = Release|Any CPU
		{E63201A2-8D2C-4C9E-9B71-A7A911657C54}.Release|Any CPU.Build.0 = Release|Any CPU
		{0149396B-932F-4368-8FD9-9232256EECA1}.Debug|Any CPU.ActiveCfg = Debug|Any CPU
		{0149396B-932F-4368-8FD9-9232256EECA1}.Debug|Any CPU.Build.0 = Debug|Any CPU
		{0149396B-932F-4368-8FD9-9232256EECA1}.Release|Any CPU.ActiveCfg = Release|Any CPU
		{0149396B-932F-4368-8FD9-9232256EECA1}.Release|Any CPU.Build.0 = Release|Any CPU
		{FA519F6B-8829-417C-83B0-FF92ED67599F}.Debug|Any CPU.ActiveCfg = Debug|Any CPU
		{FA519F6B-8829-417C-83B0-FF92ED67599F}.Debug|Any CPU.Build.0 = Debug|Any CPU
		{FA519F6B-8829-417C-83B0-FF92ED67599F}.Release|Any CPU.ActiveCfg = Release|Any CPU
		{FA519F6B-8829-417C-83B0-FF92ED67599F}.Release|Any CPU.Build.0 = Release|Any CPU
	EndGlobalSection
	GlobalSection(SolutionProperties) = preSolution
		HideSolutionNode = FALSE
	EndGlobalSection
	GlobalSection(ExtensibilityGlobals) = postSolution
		SolutionGuid = {4CD4F383-E138-4C87-91E9-5D5F45E0ACA3}
	EndGlobalSection
EndGlobal
